{
  "name": "CCB-and-the-Weather",
  "lockfileVersion": 3,
  "requires": true,
  "packages": {
    "": {
      "dependencies": {
        "square": "^25.1.0"
      }
    },
    "node_modules/@apimatic/convert-to-stream": {
      "version": "0.0.2",
      "resolved": "https://registry.npmjs.org/@apimatic/convert-to-stream/-/convert-to-stream-0.0.2.tgz",
      "integrity": "sha512-1DRg17ItExfMYsXwjt6WIjJSCgV5RGg3fHPLgYD44/YmiU+7suWj7YfPKKUqmNcnJ/AvMh4lG1+tHrfOT01zXw==",
      "engines": {
        "node": ">=10.4.0"
      }
    },
    "node_modules/@apimatic/core": {
      "version": "0.7.9",
      "resolved": "https://registry.npmjs.org/@apimatic/core/-/core-0.7.9.tgz",
      "integrity": "sha512-zoOXyaZxaZdu9OwwArD70a+1WQQzPenocBjr1tkhOeFv73lXjihxHOOt6dBplQUU/FL279FnKCE/QP4vBipRGw==",
      "dependencies": {
        "@apimatic/convert-to-stream": "0.0.2",
        "@apimatic/json-bigint": "^1.2.0",
        "@apimatic/schema": "^0.6.0",
        "axios": "^0.21.1",
        "detect-browser": "^5.3.0",
        "detect-node": "^2.0.4",
        "form-data": "^3.0.0",
        "lodash.flatmap": "^4.5.0",
        "tiny-warning": "^1.0.3",
        "tslib": "^2.1.0"
      },
      "engines": {
        "node": ">=10.4.0"
      }
    },
    "node_modules/@apimatic/json-bigint": {
      "version": "1.2.0",
      "resolved": "https://registry.npmjs.org/@apimatic/json-bigint/-/json-bigint-1.2.0.tgz",
      "integrity": "sha512-+bmVzYMdZu0Ya5L+my4FXFUih54OvQA/qlZsFOYdOoostyUuB27UDrVWQs/WVCmS0ADdo5vTU0eeTrrBkHoySw=="
    },
    "node_modules/@apimatic/schema": {
      "version": "0.6.0",
      "resolved": "https://registry.npmjs.org/@apimatic/schema/-/schema-0.6.0.tgz",
      "integrity": "sha512-JgG32LQRLphHRWsn64vIt7wD2m+JH46swM6ZrY7g1rdiGiKV5m+A+TBrJKoUUQRmS14azMgePNZY30NauWqzLg==",
      "dependencies": {
        "tslib": "^2.1.0"
      },
      "engines": {
        "node": ">=10.4.0"
      }
    },
    "node_modules/@types/node": {
      "version": "14.18.36",
      "resolved": "https://registry.npmjs.org/@types/node/-/node-14.18.36.tgz",
      "integrity": "sha512-FXKWbsJ6a1hIrRxv+FoukuHnGTgEzKYGi7kilfMae96AL9UNkPFNWJEEYWzdRI9ooIkbr4AKldyuSTLql06vLQ=="
    },
    "node_modules/asynckit": {
      "version": "0.4.0",
      "resolved": "https://registry.npmjs.org/asynckit/-/asynckit-0.4.0.tgz",
      "integrity": "sha512-Oei9OH4tRh0YqU3GxhX79dM/mwVgvbZJaSNaRk+bshkj0S5cfHcgYakreBjrHwatXKbz+IoIdYLxrKim2MjW0Q=="
    },
    "node_modules/axios": {
      "version": "0.21.4",
      "resolved": "https://registry.npmjs.org/axios/-/axios-0.21.4.tgz",
      "integrity": "sha512-ut5vewkiu8jjGBdqpM44XxjuCjq9LAKeHVmoVfHVzy8eHgxxq8SbAVQNovDA8mVi05kP0Ea/n/UzcSHcTJQfNg==",
      "dependencies": {
        "follow-redirects": "^1.14.0"
      }
    },
    "node_modules/combined-stream": {
      "version": "1.0.8",
      "resolved": "https://registry.npmjs.org/combined-stream/-/combined-stream-1.0.8.tgz",
      "integrity": "sha512-FQN4MRfuJeHf7cBbBMJFXhKSDq+2kAArBlmRBvcvFE5BB1HZKXtSFASDhdlz9zOYwxh8lDdnvmMOe/+5cdoEdg==",
      "dependencies": {
        "delayed-stream": "~1.0.0"
      },
      "engines": {
        "node": ">= 0.8"
      }
    },
    "node_modules/delayed-stream": {
      "version": "1.0.0",
      "resolved": "https://registry.npmjs.org/delayed-stream/-/delayed-stream-1.0.0.tgz",
      "integrity": "sha512-ZySD7Nf91aLB0RxL4KGrKHBXl7Eds1DAmEdcoVawXnLD7SDhpNgtuII2aAkg7a7QS41jxPSZ17p4VdGnMHk3MQ==",
      "engines": {
        "node": ">=0.4.0"
      }
    },
    "node_modules/detect-browser": {
      "version": "5.3.0",
      "resolved": "https://registry.npmjs.org/detect-browser/-/detect-browser-5.3.0.tgz",
      "integrity": "sha512-53rsFbGdwMwlF7qvCt0ypLM5V5/Mbl0szB7GPN8y9NCcbknYOeVVXdrXEq+90IwAfrrzt6Hd+u2E2ntakICU8w=="
    },
    "node_modules/detect-node": {
      "version": "2.1.0",
      "resolved": "https://registry.npmjs.org/detect-node/-/detect-node-2.1.0.tgz",
      "integrity": "sha512-T0NIuQpnTvFDATNuHN5roPwSBG83rFsuO+MXXH9/3N1eFbn4wcPjttvjMLEPWJ0RGUYgQE7cGgS3tNxbqCGM7g=="
    },
    "node_modules/follow-redirects": {
      "version": "1.15.2",
      "resolved": "https://registry.npmjs.org/follow-redirects/-/follow-redirects-1.15.2.tgz",
      "integrity": "sha512-VQLG33o04KaQ8uYi2tVNbdrWp1QWxNNea+nmIB4EVM28v0hmP17z7aG1+wAkNzVq4KeXTq3221ye5qTJP91JwA==",
      "funding": [
        {
          "type": "individual",
          "url": "https://github.com/sponsors/RubenVerborgh"
        }
      ],
      "engines": {
        "node": ">=4.0"
      },
      "peerDependenciesMeta": {
        "debug": {
          "optional": true
        }
      }
    },
    "node_modules/form-data": {
      "version": "3.0.1",
      "resolved": "https://registry.npmjs.org/form-data/-/form-data-3.0.1.tgz",
      "integrity": "sha512-RHkBKtLWUVwd7SqRIvCZMEvAMoGUp0XU+seQiZejj0COz3RI3hWP4sCv3gZWWLjJTd7rGwcsF5eKZGii0r/hbg==",
      "dependencies": {
        "asynckit": "^0.4.0",
        "combined-stream": "^1.0.8",
        "mime-types": "^2.1.12"
      },
      "engines": {
        "node": ">= 6"
      }
    },
    "node_modules/lodash.flatmap": {
      "version": "4.5.0",
      "resolved": "https://registry.npmjs.org/lodash.flatmap/-/lodash.flatmap-4.5.0.tgz",
      "integrity": "sha512-/OcpcAGWlrZyoHGeHh3cAoa6nGdX6QYtmzNP84Jqol6UEQQ2gIaU3H+0eICcjcKGl0/XF8LWOujNn9lffsnaOg=="
    },
    "node_modules/mime-db": {
      "version": "1.52.0",
      "resolved": "https://registry.npmjs.org/mime-db/-/mime-db-1.52.0.tgz",
      "integrity": "sha512-sPU4uV7dYlvtWJxwwxHD0PuihVNiE7TyAbQ5SWxDCB9mUYvOgroQOwYQQOKPJ8CIbE+1ETVlOoK1UC2nU3gYvg==",
      "engines": {
        "node": ">= 0.6"
      }
    },
    "node_modules/mime-types": {
      "version": "2.1.35",
      "resolved": "https://registry.npmjs.org/mime-types/-/mime-types-2.1.35.tgz",
      "integrity": "sha512-ZDY+bPm5zTTF+YpCrAU9nK0UgICYPT0QtT1NZWFv4s++TNkcgVaT0g6+4R2uI4MjQjzysHB1zxuWL50hzaeXiw==",
      "dependencies": {
        "mime-db": "1.52.0"
      },
      "engines": {
        "node": ">= 0.6"
      }
    },
    "node_modules/square": {
      "version": "25.1.0",
      "resolved": "https://registry.npmjs.org/square/-/square-25.1.0.tgz",
      "integrity": "sha512-N3Xk4hvUlOcwHvRHPIn3GVt5GCHcshEo8/uOg1xjuQ1pEfjEybO7E1ocfXNXkLtM20xiYbYigBDzHRFR9qLV1w==",
      "dependencies": {
        "@apimatic/core": "^0.7.9",
        "@apimatic/json-bigint": "^1.2.0",
        "@apimatic/schema": "^0.6.0",
        "@types/node": "^14.14.30"
      },
      "engines": {
        "node": ">=10.4.0"
      }
    },
    "node_modules/tiny-warning": {
      "version": "1.0.3",
      "resolved": "https://registry.npmjs.org/tiny-warning/-/tiny-warning-1.0.3.tgz",
      "integrity": "sha512-lBN9zLN/oAf68o3zNXYrdCt1kP8WsiGW8Oo2ka41b2IM5JL/S1CTyX1rW0mb/zSuJun0ZUrDxx4sqvYS2FWzPA=="
    },
    "node_modules/tslib": {
      "version": "2.5.0",
      "resolved": "https://registry.npmjs.org/tslib/-/tslib-2.5.0.tgz",
      "integrity": "sha512-336iVw3rtn2BUK7ORdIAHTyxHGRIHVReokCR3XjbckJMK7ms8FysBfhLR8IXnAgy7T0PTPNBWKiH514FOW/WSg=="
    }
  }
}
